{
  "name": "inquirer-checkbox-plus-prompt",
  "version": "1.0.1",
  "lockfileVersion": 1,
  "requires": true,
  "dependencies": {
    "cli-cursor": {
      "version": "2.1.0",
      "resolved": "http://registry.npm.taobao.org/cli-cursor/download/cli-cursor-2.1.0.tgz",
      "dependencies": {
        "restore-cursor": {
          "version": "http://registry.npm.taobao.org/restore-cursor/download/restore-cursor-2.0.0.tgz",
          "bundled": true
        }
      }
    },
    "colors": {
      "version": "1.3.3",
      "resolved": "https://registry.npmjs.org/colors/-/colors-1.3.3.tgz",
      "integrity": "sha512-mmGt/1pZqYRjMxB1axhTo16/snVZ5krrKkcmMeVKxzECMMXoCgnvTPp10QgHfcbQZw8Dq2jMNG6je4JlWU0gWg==",
      "dev": true
    },
    "figures": {
      "version": "2.0.0",
      "resolved": "http://registry.npm.taobao.org/figures/download/figures-2.0.0.tgz",
      "dependencies": {
        "escape-string-regexp": {
          "version": "http://registry.npm.taobao.org/escape-string-regexp/download/escape-string-regexp-1.0.5.tgz"
        }
      }
    },
    "fuzzy": {
      "version": "0.1.3",
      "resolved": "http://registry.npm.taobao.org/fuzzy/download/fuzzy-0.1.3.tgz",
      "dev": true
    },
    "inquirer": {
      "version": "5.2.0",
      "resolved": "http://registry.npm.taobao.org/inquirer/download/inquirer-5.2.0.tgz",
      "requires": {
        "cli-cursor": "^2.1.0",
        "figures": "^2.0.0",
        "lodash": "^4.3.0"
      },
      "dependencies": {
        "ansi-escapes": {
          "version": "http://registry.npm.taobao.org/ansi-escapes/download/ansi-escapes-3.2.0.tgz",
          "bundled": true
        },
        "chalk": {
          "version": "http://registry.npm.taobao.org/chalk/download/chalk-2.4.2.tgz",
          "bundled": true,
          "dependencies": {
            "ansi-styles": {
              "version": "http://registry.npm.taobao.org/ansi-styles/download/ansi-styles-3.2.1.tgz",
              "bundled": true,
              "dependencies": {
                "color-convert": {
                  "version": "http://registry.npm.taobao.org/color-convert/download/color-convert-1.9.3.tgz"
                }
              }
            },
            "escape-string-regexp": {
              "version": "http://registry.npm.taobao.org/escape-string-regexp/download/escape-string-regexp-1.0.5.tgz",
              "bundled": true
            },
            "supports-color": {
              "version": "http://registry.npm.taobao.org/supports-color/download/supports-color-5.5.0.tgz",
              "bundled": true
            }
          }
        },
        "cli-cursor": {
          "version": "http://registry.npm.taobao.org/cli-cursor/download/cli-cursor-2.1.0.tgz",
          "bundled": true
        },
        "cli-width": {
          "version": "http://registry.npm.taobao.org/cli-width/download/cli-width-2.2.0.tgz",
          "bundled": true
        },
        "external-editor": {
          "version": "http://registry.npm.taobao.org/external-editor/download/external-editor-2.2.0.tgz",
          "bundled": true
        },
        "figures": {
          "version": "http://registry.npm.taobao.org/figures/download/figures-2.0.0.tgz",
          "bundled": true
        },
        "lodash": {
          "version": "http://registry.npm.taobao.org/lodash/download/lodash-4.17.11.tgz",
          "bundled": true
        },
        "mute-stream": {
          "version": "http://registry.npm.taobao.org/mute-stream/download/mute-stream-0.0.7.tgz",
          "bundled": true
        },
        "run-async": {
          "version": "http://registry.npm.taobao.org/run-async/download/run-async-2.3.0.tgz",
          "bundled": true
        },
        "rxjs": {
          "version": "http://registry.npm.taobao.org/rxjs/download/rxjs-5.5.12.tgz",
          "bundled": true
        },
        "string-width": {
          "version": "http://registry.npm.taobao.org/string-width/download/string-width-2.1.1.tgz",
          "bundled": true
        },
        "strip-ansi": {
          "version": "http://registry.npm.taobao.org/strip-ansi/download/strip-ansi-4.0.0.tgz",
          "bundled": true,
          "dependencies": {
            "ansi-regex": {
              "version": "http://registry.npm.taobao.org/ansi-regex/download/ansi-regex-3.0.0.tgz"
            }
          }
        },
        "through": {
          "version": "http://registry.npm.taobao.org/through/download/through-2.3.8.tgz",
          "bundled": true
        }
      }
    },
    "lodash": {
      "version": "4.17.11",
      "resolved": "http://registry.npm.taobao.org/lodash/download/lodash-4.17.11.tgz"
    },
    "ora": {
      "version": "3.1.0",
      "resolved": "http://registry.npm.taobao.org/ora/download/ora-3.1.0.tgz",
      "dev": true,
      "requires": {
        "cli-cursor": "^2.1.0"
      },
      "dependencies": {
        "chalk": {
          "version": "http://registry.npm.taobao.org/chalk/download/chalk-2.4.2.tgz",
          "dependencies": {
            "ansi-styles": {
              "version": "http://registry.npm.taobao.org/ansi-styles/download/ansi-styles-3.2.1.tgz",
              "bundled": true,
              "dependencies": {}
            },
            "escape-string-regexp": {
              "version": "http://registry.npm.taobao.org/escape-string-regexp/download/escape-string-regexp-1.0.5.tgz",
              "bundled": true
            },
            "supports-color": {
              "version": "http://registry.npm.taobao.org/supports-color/download/supports-color-5.5.0.tgz",
              "bundled": true
            }
          }
        },
        "cli-cursor": {
          "version": "http://registry.npm.taobao.org/cli-cursor/download/cli-cursor-2.1.0.tgz",
          "dependencies": {
            "restore-cursor": {
              "version": "http://registry.npm.taobao.org/restore-cursor/download/restore-cursor-2.0.0.tgz",
              "bundled": true
            }
          }
        },
        "cli-spinners": {
          "version": "http://registry.npm.taobao.org/cli-spinners/download/cli-spinners-1.3.1.tgz"
        },
        "log-symbols": {
          "version": "http://registry.npm.taobao.org/log-symbols/download/log-symbols-2.2.0.tgz"
        },
        "strip-ansi": {
          "version": "http://registry.npm.taobao.org/strip-ansi/download/strip-ansi-5.0.0.tgz"
        },
        "wcwidth": {
          "version": "http://registry.npm.taobao.org/wcwidth/download/wcwidth-1.0.1.tgz"
        }
      }
    }
  }
}
